
Microsoft Visual Studio Solution File, Format Version 12.00
# Visual Studio Version 17
VisualStudioVersion = 17.12.35506.116
MinimumVisualStudioVersion = 10.0.40219.1
Project("{9A19103F-16F7-4668-BE54-9A1E7A4F7556}") = "Day01", "Day01\Day01.csproj", "{D1215C2A-C2CB-4153-B3BD-A25590D417D0}"
EndProject
Project("{9A19103F-16F7-4668-BE54-9A1E7A4F7556}") = "Day03", "Day03\Day03.csproj", "{B6A8D3A4-38CF-4744-9ACC-20FB5EC26FE4}"
EndProject
Project("{9A19103F-16F7-4668-BE54-9A1E7A4F7556}") = "Day04", "Day04\Day04.csproj", "{850BBB12-1186-4ACC-B0D8-AE820E6567F5}"
EndProject
Project("{9A19103F-16F7-4668-BE54-9A1E7A4F7556}") = "Day07", "Day07\Day07.csproj", "{3C048992-C84E-43A6-9DEF-9A39CF44C67A}"
EndProject
Project("{9A19103F-16F7-4668-BE54-9A1E7A4F7556}") = "Day09", "Day09\Day09.csproj", "{8E4177CE-9437-4C84-A6C3-40C49A706974}"
EndProject
Project("{9A19103F-16F7-4668-BE54-9A1E7A4F7556}") = "Day11", "Day11\Day11.csproj", "{3FEC046D-09FA-4CB7-9E8A-BE1B23FEB976}"
EndProject
Project("{9A19103F-16F7-4668-BE54-9A1E7A4F7556}") = "Day05", "Day05\Day05.csproj", "{E2B36480-DA5D-4595-9C27-5F6ABB3A668B}"
EndProject
Project("{FAE04EC0-301F-11D3-BF4B-00C04F79EFBC}") = "Day02", "Day02\Day02.csproj", "{D8E1024D-7887-4FD9-A2B2-5E1258BACE14}"
EndProject
Project("{FAE04EC0-301F-11D3-BF4B-00C04F79EFBC}") = "Common", "Common\Common.csproj", "{D2E2700C-5D7E-42FE-A49A-0CAEB9CEE74B}"
EndProject
Project("{FAE04EC0-301F-11D3-BF4B-00C04F79EFBC}") = "Day12", "Day12\Day12.csproj", "{037C5F42-0D8A-4D34-B839-5CCEEF205668}"
EndProject
Global
	GlobalSection(SolutionConfigurationPlatforms) = preSolution
		Debug|Any CPU = Debug|Any CPU
		Release|Any CPU = Release|Any CPU
	EndGlobalSection
	GlobalSection(ProjectConfigurationPlatforms) = postSolution
		{D1215C2A-C2CB-4153-B3BD-A25590D417D0}.Debug|Any CPU.ActiveCfg = Debug|Any CPU
		{D1215C2A-C2CB-4153-B3BD-A25590D417D0}.Debug|Any CPU.Build.0 = Debug|Any CPU
		{D1215C2A-C2CB-4153-B3BD-A25590D417D0}.Release|Any CPU.ActiveCfg = Release|Any CPU
		{D1215C2A-C2CB-4153-B3BD-A25590D417D0}.Release|Any CPU.Build.0 = Release|Any CPU
		{B6A8D3A4-38CF-4744-9ACC-20FB5EC26FE4}.Debug|Any CPU.ActiveCfg = Debug|Any CPU
		{B6A8D3A4-38CF-4744-9ACC-20FB5EC26FE4}.Debug|Any CPU.Build.0 = Debug|Any CPU
		{B6A8D3A4-38CF-4744-9ACC-20FB5EC26FE4}.Release|Any CPU.ActiveCfg = Release|Any CPU
		{B6A8D3A4-38CF-4744-9ACC-20FB5EC26FE4}.Release|Any CPU.Build.0 = Release|Any CPU
		{850BBB12-1186-4ACC-B0D8-AE820E6567F5}.Debug|Any CPU.ActiveCfg = Debug|Any CPU
		{850BBB12-1186-4ACC-B0D8-AE820E6567F5}.Debug|Any CPU.Build.0 = Debug|Any CPU
		{850BBB12-1186-4ACC-B0D8-AE820E6567F5}.Release|Any CPU.ActiveCfg = Release|Any CPU
		{850BBB12-1186-4ACC-B0D8-AE820E6567F5}.Release|Any CPU.Build.0 = Release|Any CPU
		{3C048992-C84E-43A6-9DEF-9A39CF44C67A}.Debug|Any CPU.ActiveCfg = Debug|Any CPU
		{3C048992-C84E-43A6-9DEF-9A39CF44C67A}.Debug|Any CPU.Build.0 = Debug|Any CPU
		{3C048992-C84E-43A6-9DEF-9A39CF44C67A}.Release|Any CPU.ActiveCfg = Release|Any CPU
		{3C048992-C84E-43A6-9DEF-9A39CF44C67A}.Release|Any CPU.Build.0 = Release|Any CPU
		{8E4177CE-9437-4C84-A6C3-40C49A706974}.Debug|Any CPU.ActiveCfg = Debug|Any CPU
		{8E4177CE-9437-4C84-A6C3-40C49A706974}.Debug|Any CPU.Build.0 = Debug|Any CPU
		{8E4177CE-9437-4C84-A6C3-40C49A706974}.Release|Any CPU.ActiveCfg = Release|Any CPU
		{8E4177CE-9437-4C84-A6C3-40C49A706974}.Release|Any CPU.Build.0 = Release|Any CPU
		{3FEC046D-09FA-4CB7-9E8A-BE1B23FEB976}.Debug|Any CPU.ActiveCfg = Debug|Any CPU
		{3FEC046D-09FA-4CB7-9E8A-BE1B23FEB976}.Debug|Any CPU.Build.0 = Debug|Any CPU
		{3FEC046D-09FA-4CB7-9E8A-BE1B23FEB976}.Release|Any CPU.ActiveCfg = Release|Any CPU
		{3FEC046D-09FA-4CB7-9E8A-BE1B23FEB976}.Release|Any CPU.Build.0 = Release|Any CPU
		{E2B36480-DA5D-4595-9C27-5F6ABB3A668B}.Debug|Any CPU.ActiveCfg = Debug|Any CPU
		{E2B36480-DA5D-4595-9C27-5F6ABB3A668B}.Debug|Any CPU.Build.0 = Debug|Any CPU
		{E2B36480-DA5D-4595-9C27-5F6ABB3A668B}.Release|Any CPU.ActiveCfg = Release|Any CPU
		{E2B36480-DA5D-4595-9C27-5F6ABB3A668B}.Release|Any CPU.Build.0 = Release|Any CPU
		{D8E1024D-7887-4FD9-A2B2-5E1258BACE14}.Debug|Any CPU.ActiveCfg = Debug|Any CPU
		{D8E1024D-7887-4FD9-A2B2-5E1258BACE14}.Debug|Any CPU.Build.0 = Debug|Any CPU
		{D8E1024D-7887-4FD9-A2B2-5E1258BACE14}.Release|Any CPU.ActiveCfg = Release|Any CPU
		{D8E1024D-7887-4FD9-A2B2-5E1258BACE14}.Release|Any CPU.Build.0 = Release|Any CPU
		{D2E2700C-5D7E-42FE-A49A-0CAEB9CEE74B}.Debug|Any CPU.ActiveCfg = Debug|Any CPU
		{D2E2700C-5D7E-42FE-A49A-0CAEB9CEE74B}.Debug|Any CPU.Build.0 = Debug|Any CPU
		{D2E2700C-5D7E-42FE-A49A-0CAEB9CEE74B}.Release|Any CPU.ActiveCfg = Release|Any CPU
		{D2E2700C-5D7E-42FE-A49A-0CAEB9CEE74B}.Release|Any CPU.Build.0 = Release|Any CPU
		{037C5F42-0D8A-4D34-B839-5CCEEF205668}.Debug|Any CPU.ActiveCfg = Debug|Any CPU
		{037C5F42-0D8A-4D34-B839-5CCEEF205668}.Debug|Any CPU.Build.0 = Debug|Any CPU
		{037C5F42-0D8A-4D34-B839-5CCEEF205668}.Release|Any CPU.ActiveCfg = Release|Any CPU
		{037C5F42-0D8A-4D34-B839-5CCEEF205668}.Release|Any CPU.Build.0 = Release|Any CPU
	EndGlobalSection
	GlobalSection(SolutionProperties) = preSolution
		HideSolutionNode = FALSE
	EndGlobalSection
	GlobalSection(ExtensibilityGlobals) = postSolution
		SolutionGuid = {B447A848-BE6C-4CAE-8ABD-8DDDC21E5EA2}
	EndGlobalSection
EndGlobal
